
Microsoft Visual Studio Solution File, Format Version 12.00
# Visual Studio Version 17
VisualStudioVersion = 17.6.33723.286
MinimumVisualStudioVersion = 10.0.40219.1
Project("{FAE04EC0-301F-11D3-BF4B-00C04F79EFBC}") = "Estoque", "Estoque\Estoque.csproj", "{ED89D051-5D06-49CF-B6E2-808BE56253A8}"
EndProject
Global
	GlobalSection(SolutionConfigurationPlatforms) = preSolution
		Debug|Any CPU = Debug|Any CPU
		Release|Any CPU = Release|Any CPU
	EndGlobalSection
	GlobalSection(ProjectConfigurationPlatforms) = postSolution
		{ED89D051-5D06-49CF-B6E2-808BE56253A8}.Debug|Any CPU.ActiveCfg = Debug|Any CPU
		{ED89D051-5D06-49CF-B6E2-808BE56253A8}.Debug|Any CPU.Build.0 = Debug|Any CPU
		{ED89D051-5D06-49CF-B6E2-808BE56253A8}.Release|Any CPU.ActiveCfg = Release|Any CPU
		{ED89D051-5D06-49CF-B6E2-808BE56253A8}.Release|Any CPU.Build.0 = Release|Any CPU
	EndGlobalSection
	GlobalSection(SolutionProperties) = preSolution
		HideSolutionNode = FALSE
	EndGlobalSection
	GlobalSection(ExtensibilityGlobals) = postSolution
		SolutionGuid = {175DA807-46B7-4BE8-8ABC-E9C72B6E8525}
	EndGlobalSection
EndGlobal
