
Microsoft Visual Studio Solution File, Format Version 12.00
# Visual Studio Version 17
VisualStudioVersion = 17.6.33723.286
MinimumVisualStudioVersion = 10.0.40219.1
Project("{FAE04EC0-301F-11D3-BF4B-00C04F79EFBC}") = "Matrizes", "Matrizes\Matrizes.csproj", "{E09D2B64-0AD7-4D06-A8D7-BADBA0B784A6}"
EndProject
Global
	GlobalSection(SolutionConfigurationPlatforms) = preSolution
		Debug|Any CPU = Debug|Any CPU
		Release|Any CPU = Release|Any CPU
	EndGlobalSection
	GlobalSection(ProjectConfigurationPlatforms) = postSolution
		{E09D2B64-0AD7-4D06-A8D7-BADBA0B784A6}.Debug|Any CPU.ActiveCfg = Debug|Any CPU
		{E09D2B64-0AD7-4D06-A8D7-BADBA0B784A6}.Debug|Any CPU.Build.0 = Debug|Any CPU
		{E09D2B64-0AD7-4D06-A8D7-BADBA0B784A6}.Release|Any CPU.ActiveCfg = Release|Any CPU
		{E09D2B64-0AD7-4D06-A8D7-BADBA0B784A6}.Release|Any CPU.Build.0 = Release|Any CPU
	EndGlobalSection
	GlobalSection(SolutionProperties) = preSolution
		HideSolutionNode = FALSE
	EndGlobalSection
	GlobalSection(ExtensibilityGlobals) = postSolution
		SolutionGuid = {B3C4B540-BC13-4C3B-976D-9012DDDA24E7}
	EndGlobalSection
EndGlobal
