
Microsoft Visual Studio Solution File, Format Version 12.00
# Visual Studio Version 17
VisualStudioVersion = 17.5.002.0
MinimumVisualStudioVersion = 10.0.40219.1
Project("{9A19103F-16F7-4668-BE54-9A1E7A4F7556}") = "Estoque", "Estoque.csproj", "{0113F4CD-B030-4CDA-95E3-0BC9AA6F2428}"
EndProject
Global
	GlobalSection(SolutionConfigurationPlatforms) = preSolution
		Debug|Any CPU = Debug|Any CPU
		Release|Any CPU = Release|Any CPU
	EndGlobalSection
	GlobalSection(ProjectConfigurationPlatforms) = postSolution
		{0113F4CD-B030-4CDA-95E3-0BC9AA6F2428}.Debug|Any CPU.ActiveCfg = Debug|Any CPU
		{0113F4CD-B030-4CDA-95E3-0BC9AA6F2428}.Debug|Any CPU.Build.0 = Debug|Any CPU
		{0113F4CD-B030-4CDA-95E3-0BC9AA6F2428}.Release|Any CPU.ActiveCfg = Release|Any CPU
		{0113F4CD-B030-4CDA-95E3-0BC9AA6F2428}.Release|Any CPU.Build.0 = Release|Any CPU
	EndGlobalSection
	GlobalSection(SolutionProperties) = preSolution
		HideSolutionNode = FALSE
	EndGlobalSection
	GlobalSection(ExtensibilityGlobals) = postSolution
		SolutionGuid = {B4B8CEED-9596-4FCB-8E00-A7FE34391F77}
	EndGlobalSection
EndGlobal
